
Microsoft Visual Studio Solution File, Format Version 12.00
# Visual Studio 15
VisualStudioVersion = 15.0.27004.2008
MinimumVisualStudioVersion = 10.0.40219.1
Project("{FAE04EC0-301F-11D3-BF4B-00C04F79EFBC}") = "VoiceCrumbs", "VoiceCrumbs\VoiceCrumbs.csproj", "{BBC2A7DF-FCF8-4868-8840-19D9B9B33D8A}"
EndProject
Global
	GlobalSection(SolutionConfigurationPlatforms) = preSolution
		Debug|Any CPU = Debug|Any CPU
		Release|Any CPU = Release|Any CPU
	EndGlobalSection
	GlobalSection(ProjectConfigurationPlatforms) = postSolution
		{BBC2A7DF-FCF8-4868-8840-19D9B9B33D8A}.Debug|Any CPU.ActiveCfg = Debug|Any CPU
		{BBC2A7DF-FCF8-4868-8840-19D9B9B33D8A}.Debug|Any CPU.Build.0 = Debug|Any CPU
		{BBC2A7DF-FCF8-4868-8840-19D9B9B33D8A}.Release|Any CPU.ActiveCfg = Release|Any CPU
		{BBC2A7DF-FCF8-4868-8840-19D9B9B33D8A}.Release|Any CPU.Build.0 = Release|Any CPU
	EndGlobalSection
	GlobalSection(SolutionProperties) = preSolution
		HideSolutionNode = FALSE
	EndGlobalSection
	GlobalSection(ExtensibilityGlobals) = postSolution
		SolutionGuid = {FA257F18-FF65-4509-9F96-DE1E3289A101}
	EndGlobalSection
EndGlobal
